{
  "name": "bucksTwitterBot",
  "lockfileVersion": 2,
  "requires": true,
  "packages": {
    "": {
      "dependencies": {
        "twitter-api-v2": "^1.10.3"
      }
    },
    "node_modules/twitter-api-v2": {
      "version": "1.10.3",
      "resolved": "https://registry.npmjs.org/twitter-api-v2/-/twitter-api-v2-1.10.3.tgz",
      "integrity": "sha512-AbCboiTOWv4DUPbAlF43Uyk4iK/QRk354pNdKgtOmv45+BWGB5Kdv6ls+C99pww/DyLBiXgQEnuyGv4d1HdRhw=="
    }
  },
  "dependencies": {
    "twitter-api-v2": {
      "version": "1.10.3",
      "resolved": "https://registry.npmjs.org/twitter-api-v2/-/twitter-api-v2-1.10.3.tgz",
      "integrity": "sha512-AbCboiTOWv4DUPbAlF43Uyk4iK/QRk354pNdKgtOmv45+BWGB5Kdv6ls+C99pww/DyLBiXgQEnuyGv4d1HdRhw=="
    }
  }
}
